
Microsoft Visual Studio Solution File, Format Version 12.00
# Visual Studio Version 16
VisualStudioVersion = 16.0.30804.86
MinimumVisualStudioVersion = 10.0.40219.1
Project("{FAE04EC0-301F-11D3-BF4B-00C04F79EFBC}") = "CommandHelper", "CommandHelper\CommandHelper.csproj", "{0A65D0AE-4BAE-48A7-BB53-59CEC2BD7B68}"
EndProject
Project("{FAE04EC0-301F-11D3-BF4B-00C04F79EFBC}") = "CommandTester", "CommandTester\CommandTester.csproj", "{798D6755-36A2-4B26-A3D7-167B9931BCB4}"
EndProject
Global
	GlobalSection(SolutionConfigurationPlatforms) = preSolution
		Debug|Any CPU = Debug|Any CPU
		Release|Any CPU = Release|Any CPU
	EndGlobalSection
	GlobalSection(ProjectConfigurationPlatforms) = postSolution
		{0A65D0AE-4BAE-48A7-BB53-59CEC2BD7B68}.Debug|Any CPU.ActiveCfg = Debug|Any CPU
		{0A65D0AE-4BAE-48A7-BB53-59CEC2BD7B68}.Debug|Any CPU.Build.0 = Debug|Any CPU
		{0A65D0AE-4BAE-48A7-BB53-59CEC2BD7B68}.Release|Any CPU.ActiveCfg = Release|Any CPU
		{0A65D0AE-4BAE-48A7-BB53-59CEC2BD7B68}.Release|Any CPU.Build.0 = Release|Any CPU
		{798D6755-36A2-4B26-A3D7-167B9931BCB4}.Debug|Any CPU.ActiveCfg = Debug|Any CPU
		{798D6755-36A2-4B26-A3D7-167B9931BCB4}.Debug|Any CPU.Build.0 = Debug|Any CPU
		{798D6755-36A2-4B26-A3D7-167B9931BCB4}.Release|Any CPU.ActiveCfg = Release|Any CPU
		{798D6755-36A2-4B26-A3D7-167B9931BCB4}.Release|Any CPU.Build.0 = Release|Any CPU
	EndGlobalSection
	GlobalSection(SolutionProperties) = preSolution
		HideSolutionNode = FALSE
	EndGlobalSection
	GlobalSection(ExtensibilityGlobals) = postSolution
		SolutionGuid = {F0D5874C-5DBB-4131-8732-9F32C99B1784}
	EndGlobalSection
EndGlobal
